
Microsoft Visual Studio Solution File, Format Version 12.00
# Visual Studio Version 17
VisualStudioVersion = 17.0.31903.59
MinimumVisualStudioVersion = 10.0.40219.1
Project("{9A19103F-16F7-4668-BE54-9A1E7A4F7556}") = "Send", "Send\Send.csproj", "{7AEFB606-1F04-4D70-BA5B-664E791DC046}"
EndProject
Project("{9A19103F-16F7-4668-BE54-9A1E7A4F7556}") = "Receive", "Receive\Receive.csproj", "{FBC7FF8A-0534-4318-90AF-1615014B9EE5}"
EndProject
Project("{2150E333-8FDC-42A3-9474-1A3956D46DE8}") = "Solution Items", "Solution Items", "{F4075503-71F3-4B98-97FD-05B4900AEA44}"
	ProjectSection(SolutionItems) = preProject
		RabbitMQ\docker-compose.yml = RabbitMQ\docker-compose.yml
	EndProjectSection
EndProject
Global
	GlobalSection(SolutionConfigurationPlatforms) = preSolution
		Debug|Any CPU = Debug|Any CPU
		Release|Any CPU = Release|Any CPU
	EndGlobalSection
	GlobalSection(ProjectConfigurationPlatforms) = postSolution
		{7AEFB606-1F04-4D70-BA5B-664E791DC046}.Debug|Any CPU.ActiveCfg = Debug|Any CPU
		{7AEFB606-1F04-4D70-BA5B-664E791DC046}.Debug|Any CPU.Build.0 = Debug|Any CPU
		{7AEFB606-1F04-4D70-BA5B-664E791DC046}.Release|Any CPU.ActiveCfg = Release|Any CPU
		{7AEFB606-1F04-4D70-BA5B-664E791DC046}.Release|Any CPU.Build.0 = Release|Any CPU
		{FBC7FF8A-0534-4318-90AF-1615014B9EE5}.Debug|Any CPU.ActiveCfg = Debug|Any CPU
		{FBC7FF8A-0534-4318-90AF-1615014B9EE5}.Debug|Any CPU.Build.0 = Debug|Any CPU
		{FBC7FF8A-0534-4318-90AF-1615014B9EE5}.Release|Any CPU.ActiveCfg = Release|Any CPU
		{FBC7FF8A-0534-4318-90AF-1615014B9EE5}.Release|Any CPU.Build.0 = Release|Any CPU
	EndGlobalSection
	GlobalSection(SolutionProperties) = preSolution
		HideSolutionNode = FALSE
	EndGlobalSection
EndGlobal
